
Microsoft Visual Studio Solution File, Format Version 12.00
# Visual Studio Version 16
VisualStudioVersion = 16.0.30804.86
MinimumVisualStudioVersion = 10.0.40219.1
Project("{9A19103F-16F7-4668-BE54-9A1E7A4F7556}") = "Morse", "Morse\Morse.csproj", "{23914BAA-EBCD-4A7F-A5F8-4304EB0C449E}"
EndProject
Global
	GlobalSection(SolutionConfigurationPlatforms) = preSolution
		Debug|Any CPU = Debug|Any CPU
		Release|Any CPU = Release|Any CPU
	EndGlobalSection
	GlobalSection(ProjectConfigurationPlatforms) = postSolution
		{23914BAA-EBCD-4A7F-A5F8-4304EB0C449E}.Debug|Any CPU.ActiveCfg = Debug|Any CPU
		{23914BAA-EBCD-4A7F-A5F8-4304EB0C449E}.Debug|Any CPU.Build.0 = Debug|Any CPU
		{23914BAA-EBCD-4A7F-A5F8-4304EB0C449E}.Release|Any CPU.ActiveCfg = Release|Any CPU
		{23914BAA-EBCD-4A7F-A5F8-4304EB0C449E}.Release|Any CPU.Build.0 = Release|Any CPU
	EndGlobalSection
	GlobalSection(SolutionProperties) = preSolution
		HideSolutionNode = FALSE
	EndGlobalSection
	GlobalSection(ExtensibilityGlobals) = postSolution
		SolutionGuid = {2B1058E8-8F95-446B-BB2B-3D52E595EC9E}
	EndGlobalSection
EndGlobal
